
Microsoft Visual Studio Solution File, Format Version 12.00
# Visual Studio 15
VisualStudioVersion = 15.0.27428.2015
MinimumVisualStudioVersion = 10.0.40219.1
Project("{2150E333-8FDC-42A3-9474-1A3956D46DE8}") = "0.Kit.Core", "0.Kit.Core", "{8120C6DB-7742-4A00-B567-CBC718BD629B}"
EndProject
Project("{2150E333-8FDC-42A3-9474-1A3956D46DE8}") = "1.Kit.Platforms", "1.Kit.Platforms", "{EBF34E93-B177-4352-8A5E-42F0E61F3673}"
EndProject
Project("{FAE04EC0-301F-11D3-BF4B-00C04F79EFBC}") = "AppKit.UI.Droid", "AppKit.UI\AppKit.UI.Droid\AppKit.UI.Droid.csproj", "{C7C4A985-8B33-42EC-BADD-D266618F1C0E}"
EndProject
Project("{FAE04EC0-301F-11D3-BF4B-00C04F79EFBC}") = "AppKit.UI.iOS", "AppKit.UI\AppKit.UI.iOS\AppKit.UI.iOS.csproj", "{D34BD409-2321-4F60-BEB9-E3DEB2CBCD62}"
EndProject
Project("{FAE04EC0-301F-11D3-BF4B-00C04F79EFBC}") = "AppKit.UI", "AppKit.UI\AppKit.UI\AppKit.UI.csproj", "{57C6F4FB-913E-43D7-8C8F-F608140CEBBA}"
EndProject
Global
	GlobalSection(SolutionConfigurationPlatforms) = preSolution
		Debug|Any CPU = Debug|Any CPU
		Debug|ARM = Debug|ARM
		Debug|iPhone = Debug|iPhone
		Debug|iPhoneSimulator = Debug|iPhoneSimulator
		Debug|x86 = Debug|x86
		Release|Any CPU = Release|Any CPU
		Release|ARM = Release|ARM
		Release|iPhone = Release|iPhone
		Release|iPhoneSimulator = Release|iPhoneSimulator
		Release|x86 = Release|x86
	EndGlobalSection
	GlobalSection(ProjectConfigurationPlatforms) = postSolution
		{C7C4A985-8B33-42EC-BADD-D266618F1C0E}.Debug|Any CPU.ActiveCfg = Debug|Any CPU
		{C7C4A985-8B33-42EC-BADD-D266618F1C0E}.Debug|Any CPU.Build.0 = Debug|Any CPU
		{C7C4A985-8B33-42EC-BADD-D266618F1C0E}.Debug|ARM.ActiveCfg = Debug|Any CPU
		{C7C4A985-8B33-42EC-BADD-D266618F1C0E}.Debug|ARM.Build.0 = Debug|Any CPU
		{C7C4A985-8B33-42EC-BADD-D266618F1C0E}.Debug|iPhone.ActiveCfg = Debug|Any CPU
		{C7C4A985-8B33-42EC-BADD-D266618F1C0E}.Debug|iPhone.Build.0 = Debug|Any CPU
		{C7C4A985-8B33-42EC-BADD-D266618F1C0E}.Debug|iPhoneSimulator.ActiveCfg = Debug|Any CPU
		{C7C4A985-8B33-42EC-BADD-D266618F1C0E}.Debug|iPhoneSimulator.Build.0 = Debug|Any CPU
		{C7C4A985-8B33-42EC-BADD-D266618F1C0E}.Debug|x86.ActiveCfg = Debug|Any CPU
		{C7C4A985-8B33-42EC-BADD-D266618F1C0E}.Debug|x86.Build.0 = Debug|Any CPU
		{C7C4A985-8B33-42EC-BADD-D266618F1C0E}.Release|Any CPU.ActiveCfg = Release|Any CPU
		{C7C4A985-8B33-42EC-BADD-D266618F1C0E}.Release|Any CPU.Build.0 = Release|Any CPU
		{C7C4A985-8B33-42EC-BADD-D266618F1C0E}.Release|ARM.ActiveCfg = Release|Any CPU
		{C7C4A985-8B33-42EC-BADD-D266618F1C0E}.Release|ARM.Build.0 = Release|Any CPU
		{C7C4A985-8B33-42EC-BADD-D266618F1C0E}.Release|iPhone.ActiveCfg = Release|Any CPU
		{C7C4A985-8B33-42EC-BADD-D266618F1C0E}.Release|iPhone.Build.0 = Release|Any CPU
		{C7C4A985-8B33-42EC-BADD-D266618F1C0E}.Release|iPhoneSimulator.ActiveCfg = Release|Any CPU
		{C7C4A985-8B33-42EC-BADD-D266618F1C0E}.Release|iPhoneSimulator.Build.0 = Release|Any CPU
		{C7C4A985-8B33-42EC-BADD-D266618F1C0E}.Release|x86.ActiveCfg = Release|Any CPU
		{C7C4A985-8B33-42EC-BADD-D266618F1C0E}.Release|x86.Build.0 = Release|Any CPU
		{D34BD409-2321-4F60-BEB9-E3DEB2CBCD62}.Debug|Any CPU.ActiveCfg = Debug|Any CPU
		{D34BD409-2321-4F60-BEB9-E3DEB2CBCD62}.Debug|Any CPU.Build.0 = Debug|Any CPU
		{D34BD409-2321-4F60-BEB9-E3DEB2CBCD62}.Debug|ARM.ActiveCfg = Debug|Any CPU
		{D34BD409-2321-4F60-BEB9-E3DEB2CBCD62}.Debug|ARM.Build.0 = Debug|Any CPU
		{D34BD409-2321-4F60-BEB9-E3DEB2CBCD62}.Debug|iPhone.ActiveCfg = Debug|Any CPU
		{D34BD409-2321-4F60-BEB9-E3DEB2CBCD62}.Debug|iPhone.Build.0 = Debug|Any CPU
		{D34BD409-2321-4F60-BEB9-E3DEB2CBCD62}.Debug|iPhoneSimulator.ActiveCfg = Debug|Any CPU
		{D34BD409-2321-4F60-BEB9-E3DEB2CBCD62}.Debug|iPhoneSimulator.Build.0 = Debug|Any CPU
		{D34BD409-2321-4F60-BEB9-E3DEB2CBCD62}.Debug|x86.ActiveCfg = Debug|Any CPU
		{D34BD409-2321-4F60-BEB9-E3DEB2CBCD62}.Debug|x86.Build.0 = Debug|Any CPU
		{D34BD409-2321-4F60-BEB9-E3DEB2CBCD62}.Release|Any CPU.ActiveCfg = Release|Any CPU
		{D34BD409-2321-4F60-BEB9-E3DEB2CBCD62}.Release|Any CPU.Build.0 = Release|Any CPU
		{D34BD409-2321-4F60-BEB9-E3DEB2CBCD62}.Release|ARM.ActiveCfg = Release|Any CPU
		{D34BD409-2321-4F60-BEB9-E3DEB2CBCD62}.Release|ARM.Build.0 = Release|Any CPU
		{D34BD409-2321-4F60-BEB9-E3DEB2CBCD62}.Release|iPhone.ActiveCfg = Release|Any CPU
		{D34BD409-2321-4F60-BEB9-E3DEB2CBCD62}.Release|iPhone.Build.0 = Release|Any CPU
		{D34BD409-2321-4F60-BEB9-E3DEB2CBCD62}.Release|iPhoneSimulator.ActiveCfg = Release|Any CPU
		{D34BD409-2321-4F60-BEB9-E3DEB2CBCD62}.Release|iPhoneSimulator.Build.0 = Release|Any CPU
		{D34BD409-2321-4F60-BEB9-E3DEB2CBCD62}.Release|x86.ActiveCfg = Release|Any CPU
		{D34BD409-2321-4F60-BEB9-E3DEB2CBCD62}.Release|x86.Build.0 = Release|Any CPU
		{57C6F4FB-913E-43D7-8C8F-F608140CEBBA}.Debug|Any CPU.ActiveCfg = Debug|Any CPU
		{57C6F4FB-913E-43D7-8C8F-F608140CEBBA}.Debug|Any CPU.Build.0 = Debug|Any CPU
		{57C6F4FB-913E-43D7-8C8F-F608140CEBBA}.Debug|ARM.ActiveCfg = Debug|Any CPU
		{57C6F4FB-913E-43D7-8C8F-F608140CEBBA}.Debug|ARM.Build.0 = Debug|Any CPU
		{57C6F4FB-913E-43D7-8C8F-F608140CEBBA}.Debug|iPhone.ActiveCfg = Debug|Any CPU
		{57C6F4FB-913E-43D7-8C8F-F608140CEBBA}.Debug|iPhone.Build.0 = Debug|Any CPU
		{57C6F4FB-913E-43D7-8C8F-F608140CEBBA}.Debug|iPhoneSimulator.ActiveCfg = Debug|Any CPU
		{57C6F4FB-913E-43D7-8C8F-F608140CEBBA}.Debug|iPhoneSimulator.Build.0 = Debug|Any CPU
		{57C6F4FB-913E-43D7-8C8F-F608140CEBBA}.Debug|x86.ActiveCfg = Debug|Any CPU
		{57C6F4FB-913E-43D7-8C8F-F608140CEBBA}.Debug|x86.Build.0 = Debug|Any CPU
		{57C6F4FB-913E-43D7-8C8F-F608140CEBBA}.Release|Any CPU.ActiveCfg = Release|Any CPU
		{57C6F4FB-913E-43D7-8C8F-F608140CEBBA}.Release|Any CPU.Build.0 = Release|Any CPU
		{57C6F4FB-913E-43D7-8C8F-F608140CEBBA}.Release|ARM.ActiveCfg = Release|Any CPU
		{57C6F4FB-913E-43D7-8C8F-F608140CEBBA}.Release|ARM.Build.0 = Release|Any CPU
		{57C6F4FB-913E-43D7-8C8F-F608140CEBBA}.Release|iPhone.ActiveCfg = Release|Any CPU
		{57C6F4FB-913E-43D7-8C8F-F608140CEBBA}.Release|iPhone.Build.0 = Release|Any CPU
		{57C6F4FB-913E-43D7-8C8F-F608140CEBBA}.Release|iPhoneSimulator.ActiveCfg = Release|Any CPU
		{57C6F4FB-913E-43D7-8C8F-F608140CEBBA}.Release|iPhoneSimulator.Build.0 = Release|Any CPU
		{57C6F4FB-913E-43D7-8C8F-F608140CEBBA}.Release|x86.ActiveCfg = Release|Any CPU
		{57C6F4FB-913E-43D7-8C8F-F608140CEBBA}.Release|x86.Build.0 = Release|Any CPU
	EndGlobalSection
	GlobalSection(SolutionProperties) = preSolution
		HideSolutionNode = FALSE
	EndGlobalSection
	GlobalSection(NestedProjects) = preSolution
		{C7C4A985-8B33-42EC-BADD-D266618F1C0E} = {EBF34E93-B177-4352-8A5E-42F0E61F3673}
		{D34BD409-2321-4F60-BEB9-E3DEB2CBCD62} = {EBF34E93-B177-4352-8A5E-42F0E61F3673}
		{57C6F4FB-913E-43D7-8C8F-F608140CEBBA} = {8120C6DB-7742-4A00-B567-CBC718BD629B}
	EndGlobalSection
	GlobalSection(ExtensibilityGlobals) = postSolution
		SolutionGuid = {5287E939-7811-4BAA-A24F-792F6FCAD644}
	EndGlobalSection
EndGlobal
